
Microsoft Visual Studio Solution File, Format Version 12.00
Project("{2150E333-8FDC-42A3-9474-1A3956D46DE8}") = "Services", "Services", "{832EDAE6-9F03-4CF3-B295-09D0ABF978F4}"
EndProject
Project("{2150E333-8FDC-42A3-9474-1A3956D46DE8}") = "BuildingBlocks", "BuildingBlocks", "{E903CF36-A222-413B-8D33-0F6431FD045F}"
EndProject
Project("{2150E333-8FDC-42A3-9474-1A3956D46DE8}") = "Catalog", "Catalog", "{97B9B4E2-F1C9-447E-B5B2-E20FC5C65B22}"
EndProject
Project("{2150E333-8FDC-42A3-9474-1A3956D46DE8}") = "IdentityServer", "IdentityServer", "{DC09AE6F-ECD0-4ED7-A5C0-0EE817C3CC97}"
EndProject
Project("{2150E333-8FDC-42A3-9474-1A3956D46DE8}") = "Ordering", "Ordering", "{412F8716-02D4-40A1-AF44-3C1542BB584A}"
EndProject
Project("{2150E333-8FDC-42A3-9474-1A3956D46DE8}") = "Basket", "Basket", "{C41B7F85-E1E7-4F6A-AC94-207C1A72443C}"
EndProject
Project("{FAE04EC0-301F-11D3-BF4B-00C04F79EFBC}") = "Catalog.API", "Services\Catalog\Catalog.API\Catalog.API.csproj", "{A670EE53-FB48-4F16-A1CB-FD142CDA1976}"
EndProject
Project("{FAE04EC0-301F-11D3-BF4B-00C04F79EFBC}") = "Catalog.Domain", "Services\Catalog\Catalog.Domain\Catalog.Domain.csproj", "{7FD5916D-3C42-41DA-AE58-3FBA2444C42A}"
EndProject
Project("{FAE04EC0-301F-11D3-BF4B-00C04F79EFBC}") = "Catalog.Application", "Services\Catalog\Catalog.Application\Catalog.Application.csproj", "{BF6CA690-42BD-4272-B4A9-B1A2CB591B5E}"
EndProject
Project("{FAE04EC0-301F-11D3-BF4B-00C04F79EFBC}") = "Catalog.Infrastructure", "Services\Catalog\Catalog.Infrastructure\Catalog.Infrastructure.csproj", "{CD8D1976-B5EA-4B33-979B-1AF134619E57}"
EndProject
Project("{2150E333-8FDC-42A3-9474-1A3956D46DE8}") = "Tests", "Tests", "{4E97D249-D05C-4174-8E4A-6B569AC4660E}"
EndProject
Project("{2150E333-8FDC-42A3-9474-1A3956D46DE8}") = "Services", "Services", "{C5877D90-576A-48D4-A279-4E26805573F3}"
EndProject
Project("{FAE04EC0-301F-11D3-BF4B-00C04F79EFBC}") = "Catalog.UnitTests", "Tests\Services\Catalog.UnitTests\Catalog.UnitTests.csproj", "{D47D097A-3C4A-48BF-9EB3-F29BAA6342D2}"
EndProject
Project("{2150E333-8FDC-42A3-9474-1A3956D46DE8}") = "Solution Items", "Solution Items", "{CEECD68E-6E8E-418D-B03F-0C1A712398A5}"
	ProjectSection(SolutionItems) = preProject
		docker-compose.yml = docker-compose.yml
	EndProjectSection
EndProject
Project("{FAE04EC0-301F-11D3-BF4B-00C04F79EFBC}") = "IdentityServer.Domain", "Services\IdentityServer\IdentityServer\IdentityServer.Domain\IdentityServer.Domain.csproj", "{1BD6C742-BE94-42D2-B9D4-1A920C172B77}"
EndProject
Project("{FAE04EC0-301F-11D3-BF4B-00C04F79EFBC}") = "IdentityServer.Infrastructure", "Services\IdentityServer\IdentityServer.Infrastructure\IdentityServer.Infrastructure.csproj", "{BABAE976-BA46-4948-8599-D97D128684C2}"
EndProject
Project("{FAE04EC0-301F-11D3-BF4B-00C04F79EFBC}") = "IdentityServer.Application", "Services\IdentityServer\IdentityServer.Application\IdentityServer.Application.csproj", "{8EED98F9-E21A-4E27-87BF-0B15C4A7F44D}"
EndProject
Project("{FAE04EC0-301F-11D3-BF4B-00C04F79EFBC}") = "IdentityServer.API", "Services\IdentityServer\IdentityServer.API\IdentityServer.API.csproj", "{203472F1-621C-4BEC-8DDF-B13DFF7E5477}"
EndProject
Global
	GlobalSection(SolutionConfigurationPlatforms) = preSolution
		Debug|Any CPU = Debug|Any CPU
		Release|Any CPU = Release|Any CPU
	EndGlobalSection
	GlobalSection(NestedProjects) = preSolution
		{97B9B4E2-F1C9-447E-B5B2-E20FC5C65B22} = {832EDAE6-9F03-4CF3-B295-09D0ABF978F4}
		{DC09AE6F-ECD0-4ED7-A5C0-0EE817C3CC97} = {832EDAE6-9F03-4CF3-B295-09D0ABF978F4}
		{412F8716-02D4-40A1-AF44-3C1542BB584A} = {832EDAE6-9F03-4CF3-B295-09D0ABF978F4}
		{C41B7F85-E1E7-4F6A-AC94-207C1A72443C} = {832EDAE6-9F03-4CF3-B295-09D0ABF978F4}
		{A670EE53-FB48-4F16-A1CB-FD142CDA1976} = {97B9B4E2-F1C9-447E-B5B2-E20FC5C65B22}
		{7FD5916D-3C42-41DA-AE58-3FBA2444C42A} = {97B9B4E2-F1C9-447E-B5B2-E20FC5C65B22}
		{BF6CA690-42BD-4272-B4A9-B1A2CB591B5E} = {97B9B4E2-F1C9-447E-B5B2-E20FC5C65B22}
		{CD8D1976-B5EA-4B33-979B-1AF134619E57} = {97B9B4E2-F1C9-447E-B5B2-E20FC5C65B22}
		{C5877D90-576A-48D4-A279-4E26805573F3} = {4E97D249-D05C-4174-8E4A-6B569AC4660E}
		{D47D097A-3C4A-48BF-9EB3-F29BAA6342D2} = {C5877D90-576A-48D4-A279-4E26805573F3}
		{1BD6C742-BE94-42D2-B9D4-1A920C172B77} = {DC09AE6F-ECD0-4ED7-A5C0-0EE817C3CC97}
		{BABAE976-BA46-4948-8599-D97D128684C2} = {DC09AE6F-ECD0-4ED7-A5C0-0EE817C3CC97}
		{8EED98F9-E21A-4E27-87BF-0B15C4A7F44D} = {DC09AE6F-ECD0-4ED7-A5C0-0EE817C3CC97}
		{203472F1-621C-4BEC-8DDF-B13DFF7E5477} = {DC09AE6F-ECD0-4ED7-A5C0-0EE817C3CC97}
	EndGlobalSection
	GlobalSection(ProjectConfigurationPlatforms) = postSolution
		{A670EE53-FB48-4F16-A1CB-FD142CDA1976}.Debug|Any CPU.ActiveCfg = Debug|Any CPU
		{A670EE53-FB48-4F16-A1CB-FD142CDA1976}.Debug|Any CPU.Build.0 = Debug|Any CPU
		{A670EE53-FB48-4F16-A1CB-FD142CDA1976}.Release|Any CPU.ActiveCfg = Release|Any CPU
		{A670EE53-FB48-4F16-A1CB-FD142CDA1976}.Release|Any CPU.Build.0 = Release|Any CPU
		{7FD5916D-3C42-41DA-AE58-3FBA2444C42A}.Debug|Any CPU.ActiveCfg = Debug|Any CPU
		{7FD5916D-3C42-41DA-AE58-3FBA2444C42A}.Debug|Any CPU.Build.0 = Debug|Any CPU
		{7FD5916D-3C42-41DA-AE58-3FBA2444C42A}.Release|Any CPU.ActiveCfg = Release|Any CPU
		{7FD5916D-3C42-41DA-AE58-3FBA2444C42A}.Release|Any CPU.Build.0 = Release|Any CPU
		{BF6CA690-42BD-4272-B4A9-B1A2CB591B5E}.Debug|Any CPU.ActiveCfg = Debug|Any CPU
		{BF6CA690-42BD-4272-B4A9-B1A2CB591B5E}.Debug|Any CPU.Build.0 = Debug|Any CPU
		{BF6CA690-42BD-4272-B4A9-B1A2CB591B5E}.Release|Any CPU.ActiveCfg = Release|Any CPU
		{BF6CA690-42BD-4272-B4A9-B1A2CB591B5E}.Release|Any CPU.Build.0 = Release|Any CPU
		{CD8D1976-B5EA-4B33-979B-1AF134619E57}.Debug|Any CPU.ActiveCfg = Debug|Any CPU
		{CD8D1976-B5EA-4B33-979B-1AF134619E57}.Debug|Any CPU.Build.0 = Debug|Any CPU
		{CD8D1976-B5EA-4B33-979B-1AF134619E57}.Release|Any CPU.ActiveCfg = Release|Any CPU
		{CD8D1976-B5EA-4B33-979B-1AF134619E57}.Release|Any CPU.Build.0 = Release|Any CPU
		{D47D097A-3C4A-48BF-9EB3-F29BAA6342D2}.Debug|Any CPU.ActiveCfg = Debug|Any CPU
		{D47D097A-3C4A-48BF-9EB3-F29BAA6342D2}.Debug|Any CPU.Build.0 = Debug|Any CPU
		{D47D097A-3C4A-48BF-9EB3-F29BAA6342D2}.Release|Any CPU.ActiveCfg = Release|Any CPU
		{D47D097A-3C4A-48BF-9EB3-F29BAA6342D2}.Release|Any CPU.Build.0 = Release|Any CPU
		{1BD6C742-BE94-42D2-B9D4-1A920C172B77}.Debug|Any CPU.ActiveCfg = Debug|Any CPU
		{1BD6C742-BE94-42D2-B9D4-1A920C172B77}.Debug|Any CPU.Build.0 = Debug|Any CPU
		{1BD6C742-BE94-42D2-B9D4-1A920C172B77}.Release|Any CPU.ActiveCfg = Release|Any CPU
		{1BD6C742-BE94-42D2-B9D4-1A920C172B77}.Release|Any CPU.Build.0 = Release|Any CPU
		{BABAE976-BA46-4948-8599-D97D128684C2}.Debug|Any CPU.ActiveCfg = Debug|Any CPU
		{BABAE976-BA46-4948-8599-D97D128684C2}.Debug|Any CPU.Build.0 = Debug|Any CPU
		{BABAE976-BA46-4948-8599-D97D128684C2}.Release|Any CPU.ActiveCfg = Release|Any CPU
		{BABAE976-BA46-4948-8599-D97D128684C2}.Release|Any CPU.Build.0 = Release|Any CPU
		{8EED98F9-E21A-4E27-87BF-0B15C4A7F44D}.Debug|Any CPU.ActiveCfg = Debug|Any CPU
		{8EED98F9-E21A-4E27-87BF-0B15C4A7F44D}.Debug|Any CPU.Build.0 = Debug|Any CPU
		{8EED98F9-E21A-4E27-87BF-0B15C4A7F44D}.Release|Any CPU.ActiveCfg = Release|Any CPU
		{8EED98F9-E21A-4E27-87BF-0B15C4A7F44D}.Release|Any CPU.Build.0 = Release|Any CPU
		{203472F1-621C-4BEC-8DDF-B13DFF7E5477}.Debug|Any CPU.ActiveCfg = Debug|Any CPU
		{203472F1-621C-4BEC-8DDF-B13DFF7E5477}.Debug|Any CPU.Build.0 = Debug|Any CPU
		{203472F1-621C-4BEC-8DDF-B13DFF7E5477}.Release|Any CPU.ActiveCfg = Release|Any CPU
		{203472F1-621C-4BEC-8DDF-B13DFF7E5477}.Release|Any CPU.Build.0 = Release|Any CPU
	EndGlobalSection
EndGlobal
